
Microsoft Visual Studio Solution File, Format Version 12.00
# Visual Studio 15
Project("{FAE04EC0-301F-11D3-BF4B-00C04F79EFBC}") = "Assembly-CSharp", "Assembly-CSharp.csproj", "{EBF78BAA-C670-FB96-C1F6-5663B761DC16}"
EndProject
Global
	GlobalSection(SolutionConfigurationPlatforms) = preSolution
		Debug|Any CPU = Debug|Any CPU
		Release|Any CPU = Release|Any CPU
	EndGlobalSection
	GlobalSection(ProjectConfigurationPlatforms) = postSolution
		{EBF78BAA-C670-FB96-C1F6-5663B761DC16}.Debug|Any CPU.ActiveCfg = Debug|Any CPU
		{EBF78BAA-C670-FB96-C1F6-5663B761DC16}.Debug|Any CPU.Build.0 = Debug|Any CPU
		{EBF78BAA-C670-FB96-C1F6-5663B761DC16}.Release|Any CPU.ActiveCfg = Release|Any CPU
		{EBF78BAA-C670-FB96-C1F6-5663B761DC16}.Release|Any CPU.Build.0 = Release|Any CPU
	EndGlobalSection
	GlobalSection(SolutionProperties) = preSolution
		HideSolutionNode = FALSE
	EndGlobalSection
EndGlobal
